<?xml version="1.0" encoding="utf-8"?>
<Project ToolsVersion="4.0" xmlns="http://schemas.microsoft.com/developer/msbuild/2003">
  <ItemGroup>
    <Filter Include="Source Files">
      <UniqueIdentifier>{4FC737F1-C7A5-4376-A066-2A32D752A2FF}</UniqueIdentifier>
      <Extensions>cpp;c;cc;cxx;def;odl;idl;hpj;bat;asm;asmx</Extensions>
    </Filter>
    <Filter Include="Header Files">
      <UniqueIdentifier>{93995380-89BD-4b04-88EB-625FBE52EBFB}</UniqueIdentifier>
      <Extensions>h;hpp;hxx;hm;inl;inc;xsd</Extensions>
    </Filter>
    <Filter Include="Resource Files">
      <UniqueIdentifier>{67DA6AB6-F800-4c08-8B7A-83BB121AAD01}</UniqueIdentifier>
      <Extensions>rc;ico;cur;bmp;dlg;rc2;rct;bin;rgs;gif;jpg;jpeg;jpe;resx;tiff;tif;png;wav</Extensions>
    </Filter>
    <Filter Include="Generated Files">
      <UniqueIdentifier>{3e774fe9-4083-4622-8094-2757348907ab}</UniqueIdentifier>
      <SourceControlFiles>False</SourceControlFiles>
    </Filter>
  </ItemGroup>
  <ItemGroup>
    <ClCompile Include="Config.cpp">
      <Filter>Source Files</Filter>
    </ClCompile>
    <ClCompile Include="debug.cpp">
      <Filter>Source Files</Filter>
    </ClCompile>
    <ClCompile Include="mapiguid.cpp">
      <Filter>Source Files</Filter>
    </ClCompile>
    <ClCompile Include="stdafx.cpp">
      <Filter>Source Files</Filter>
    </ClCompile>
    <ClCompile Include="ItemsEvents.cpp">
      <Filter>Source Files</Filter>
    </ClCompile>
    <ClCompile Include="AccountsUtil.cpp">
      <Filter>Source Files</Filter>
    </ClCompile>
    <ClCompile Include="ServerNameParser.cpp">
      <Filter>Source Files</Filter>
    </ClCompile>
    <ClCompile Include="AddServerDlg.cpp">
      <Filter>Source Files</Filter>
    </ClCompile>
    <ClCompile Include="ExceptionWithMessage.cpp">
      <Filter>Source Files</Filter>
    </ClCompile>
    <ClCompile Include="SelectServersDlg.cpp">
      <Filter>Source Files</Filter>
    </ClCompile>
    <ClCompile Include="ServersDetectionProgressDlg.cpp">
      <Filter>Source Files</Filter>
    </ClCompile>
    <ClCompile Include="ServersDetection.cpp">
      <Filter>Source Files</Filter>
    </ClCompile>
    <ClCompile Include="JMSOAddin.cpp">
      <Filter>Source Files</Filter>
    </ClCompile>
    <ClCompile Include="JMSOAddinPropPage.cpp">
      <Filter>Source Files</Filter>
    </ClCompile>
    <ClCompile Include="CJMSOAddin.cpp">
      <Filter>Source Files</Filter>
    </ClCompile>
    <ClCompile Include="JMSOAddin_i.c">
      <Filter>Generated Files</Filter>
    </ClCompile>
    <ClCompile Include="SelectionUtils.cpp">
      <Filter>Source Files</Filter>
    </ClCompile>
    <ClCompile Include="AddinMessageBox.cpp">
      <Filter>Source Files</Filter>
    </ClCompile>
    <ClCompile Include="RibbonManifest.cpp">
      <Filter>Source Files</Filter>
    </ClCompile>
  </ItemGroup>
  <ItemGroup>
    <None Include="ItemsEvents.rgs">
      <Filter>Resource Files</Filter>
    </None>
    <None Include="RibbonManifest.xml">
      <Filter>Resource Files</Filter>
    </None>
    <None Include="JMSOAddin.def">
      <Filter>Source Files</Filter>
    </None>
    <None Include="JMSOAddinPropPage.htm">
      <Filter>Source Files</Filter>
    </None>
    <None Include="JMSOAddin.rgs">
      <Filter>Resource Files</Filter>
    </None>
    <None Include="JMSOAddin1.rgs">
      <Filter>Resource Files</Filter>
    </None>
    <None Include="JMSOAddinPropPage.bmp">
      <Filter>Resource Files</Filter>
    </None>
    <None Include="JMSOAddinPropPage.rgs">
      <Filter>Resource Files</Filter>
    </None>
  </ItemGroup>
  <ItemGroup>
    <ClInclude Include="atlcontrols.h">
      <Filter>Header Files</Filter>
    </ClInclude>
    <ClInclude Include="Config.h">
      <Filter>Header Files</Filter>
    </ClInclude>
    <ClInclude Include="debug.h">
      <Filter>Header Files</Filter>
    </ClInclude>
    <ClInclude Include="Resource.h">
      <Filter>Header Files</Filter>
    </ClInclude>
    <ClInclude Include="stdafx.h">
      <Filter>Header Files</Filter>
    </ClInclude>
    <ClInclude Include="ItemsEvents.h">
      <Filter>Header Files</Filter>
    </ClInclude>
    <ClInclude Include="AccountsUtil.h">
      <Filter>Header Files</Filter>
    </ClInclude>
    <ClInclude Include="ServerNameParser.h">
      <Filter>Header Files</Filter>
    </ClInclude>
    <ClInclude Include="AddServerDlg.h">
      <Filter>Header Files</Filter>
    </ClInclude>
    <ClInclude Include="ExceptionWithMessage.h">
      <Filter>Header Files</Filter>
    </ClInclude>
    <ClInclude Include="SelectServersDlg.h">
      <Filter>Header Files</Filter>
    </ClInclude>
    <ClInclude Include="ServersDetectionProgressDlg.h">
      <Filter>Header Files</Filter>
    </ClInclude>
    <ClInclude Include="ServersDetection.h">
      <Filter>Header Files</Filter>
    </ClInclude>
    <ClInclude Include="JMSOAddinPropPage.h">
      <Filter>Header Files</Filter>
    </ClInclude>
    <ClInclude Include="CJMSOAddin.h">
      <Filter>Header Files</Filter>
    </ClInclude>
    <ClInclude Include="JMSOAddin.h">
      <Filter>Generated Files</Filter>
    </ClInclude>
    <ClInclude Include="resource1.h">
      <Filter>Header Files</Filter>
    </ClInclude>
    <ClInclude Include="VersionInfo.h">
      <Filter>Header Files</Filter>
    </ClInclude>
    <ClInclude Include="SelectionUtils.h">
      <Filter>Header Files</Filter>
    </ClInclude>
    <ClInclude Include="AddinMessageBox.h">
      <Filter>Header Files</Filter>
    </ClInclude>
    <ClInclude Include="RibbonManifest.h">
      <Filter>Header Files</Filter>
    </ClInclude>
    <ClInclude Include="CritSect.h">
      <Filter>Header Files</Filter>
    </ClInclude>
  </ItemGroup>
  <ItemGroup>
    <Midl Include="JMSOAddin.idl">
      <Filter>Source Files</Filter>
    </Midl>
  </ItemGroup>
  <ItemGroup>
    <ResourceCompile Include="JMSOAddin.rc">
      <Filter>Resource Files</Filter>
    </ResourceCompile>
    <ResourceCompile Include="Version.rc">
      <Filter>Resource Files</Filter>
    </ResourceCompile>
  </ItemGroup>
</Project>